
Microsoft Visual Studio Solution File, Format Version 12.00
# Visual Studio Version 17
VisualStudioVersion = 17.11.35222.181
MinimumVisualStudioVersion = 10.0.40219.1
Project("{FAE04EC0-301F-11D3-BF4B-00C04F79EFBC}") = "ConsultaProduto", "ConsultaProduto\ConsultaProduto.csproj", "{0CF6F2BA-5021-45F2-8BCB-70D34DD9674E}"
EndProject
Global
	GlobalSection(SolutionConfigurationPlatforms) = preSolution
		Debug|Any CPU = Debug|Any CPU
		Release|Any CPU = Release|Any CPU
	EndGlobalSection
	GlobalSection(ProjectConfigurationPlatforms) = postSolution
		{0CF6F2BA-5021-45F2-8BCB-70D34DD9674E}.Debug|Any CPU.ActiveCfg = Debug|Any CPU
		{0CF6F2BA-5021-45F2-8BCB-70D34DD9674E}.Debug|Any CPU.Build.0 = Debug|Any CPU
		{0CF6F2BA-5021-45F2-8BCB-70D34DD9674E}.Release|Any CPU.ActiveCfg = Release|Any CPU
		{0CF6F2BA-5021-45F2-8BCB-70D34DD9674E}.Release|Any CPU.Build.0 = Release|Any CPU
	EndGlobalSection
	GlobalSection(SolutionProperties) = preSolution
		HideSolutionNode = FALSE
	EndGlobalSection
	GlobalSection(ExtensibilityGlobals) = postSolution
		SolutionGuid = {5CD24C1E-3A7A-41DB-98DB-58A94306C31F}
	EndGlobalSection
EndGlobal
